{
  "name": "frontend-challenge",
  "version": "1.0.0",
  "lockfileVersion": 2,
  "requires": true,
  "packages": {
    "": {
      "name": "frontend-challenge",
      "version": "1.0.0",
      "license": "ISC",
      "dependencies": {
        "sdk": "file:sdk"
      }
    },
    "node_modules/sdk": {
      "resolved": "sdk",
      "link": true
    },
    "sdk": {
      "version": "1.0.0"
    }
  },
  "dependencies": {
    "sdk": {
      "version": "file:sdk"
    }
  }
}
